// !$*UTF8*$!
{
	archiveVersion = 1;
	classes = {
	};
	objectVersion = 48;
	objects = {

/* Begin PBXBuildFile section */
		BDDBC3E01F9BB078008DB1C0 /* AppDelegate.swift in Sources */ = {isa = PBXBuildFile; fileRef = BDDBC3DF1F9BB078008DB1C0 /* AppDelegate.swift */; };
		BDDBC3E21F9BB078008DB1C0 /* ViewController.swift in Sources */ = {isa = PBXBuildFile; fileRef = BDDBC3E11F9BB078008DB1C0 /* ViewController.swift */; };
		BDDBC3E41F9BB078008DB1C0 /* Assets.xcassets in Resources */ = {isa = PBXBuildFile; fileRef = BDDBC3E31F9BB078008DB1C0 /* Assets.xcassets */; };
		BDDBC3E71F9BB078008DB1C0 /* Main.storyboard in Resources */ = {isa = PBXBuildFile; fileRef = BDDBC3E51F9BB078008DB1C0 /* Main.storyboard */; };
/* End PBXBuildFile section */

/* Begin PBXFileReference section */
		BDDBC3DC1F9BB078008DB1C0 /* Rewritten CPU-GPU Sync (Swift).app */ = {isa = PBXFileReference; explicitFileType = wrapper.application; includeInIndex = 0; path = "Rewritten CPU-GPU Sync (Swift).app"; sourceTree = BUILT_PRODUCTS_DIR; };
		BDDBC3DF1F9BB078008DB1C0 /* AppDelegate.swift */ = {isa = PBXFileReference; lastKnownFileType = sourcecode.swift; path = AppDelegate.swift; sourceTree = "<group>"; };
		BDDBC3E11F9BB078008DB1C0 /* ViewController.swift */ = {isa = PBXFileReference; lastKnownFileType = sourcecode.swift; path = ViewController.swift; sourceTree = "<group>"; };
		BDDBC3E31F9BB078008DB1C0 /* Assets.xcassets */ = {isa = PBXFileReference; lastKnownFileType = folder.assetcatalog; path = Assets.xcassets; sourceTree = "<group>"; };
		BDDBC3E61F9BB078008DB1C0 /* Base */ = {isa = PBXFileReference; lastKnownFileType = file.storyboard; name = Base; path = Base.lproj/Main.storyboard; sourceTree = "<group>"; };
		BDDBC3E81F9BB078008DB1C0 /* Info.plist */ = {isa = PBXFileReference; lastKnownFileType = text.plist.xml; path = Info.plist; sourceTree = "<group>"; };
		BDDBC3E91F9BB078008DB1C0 /* Rewritten_CPU_GPU_Sync__Swift_.entitlements */ = {isa = PBXFileReference; lastKnownFileType = text.plist.entitlements; path = Rewritten_CPU_GPU_Sync__Swift_.entitlements; sourceTree = "<group>"; };
/* End PBXFileReference section */

/* Begin PBXFrameworksBuildPhase section */
		BDDBC3D91F9BB078008DB1C0 /* Frameworks */ = {
			isa = PBXFrameworksBuildPhase;
			buildActionMask = 2147483647;
			files = (
			);
			runOnlyForDeploymentPostprocessing = 0;
		};
/* End PBXFrameworksBuildPhase section */

/* Begin PBXGroup section */
		BDDBC3D31F9BB078008DB1C0 = {
			isa = PBXGroup;
			children = (
				BDDBC3DE1F9BB078008DB1C0 /* Rewritten CPU-GPU Sync (Swift) */,
				BDDBC3DD1F9BB078008DB1C0 /* Products */,
			);
			sourceTree = "<group>";
		};
		BDDBC3DD1F9BB078008DB1C0 /* Products */ = {
			isa = PBXGroup;
			children = (
				BDDBC3DC1F9BB078008DB1C0 /* Rewritten CPU-GPU Sync (Swift).app */,
			);
			name = Products;
			sourceTree = "<group>";
		};
		BDDBC3DE1F9BB078008DB1C0 /* Rewritten CPU-GPU Sync (Swift) */ = {
			isa = PBXGroup;
			children = (
				BDDBC3EF1F9BB0A0008DB1C0 /* Other */,
				BDDBC3E11F9BB078008DB1C0 /* ViewController.swift */,
				BDDBC3E51F9BB078008DB1C0 /* Main.storyboard */,
			);
			path = "Rewritten CPU-GPU Sync (Swift)";
			sourceTree = "<group>";
		};
		BDDBC3EF1F9BB0A0008DB1C0 /* Other */ = {
			isa = PBXGroup;
			children = (
				BDDBC3E91F9BB078008DB1C0 /* Rewritten_CPU_GPU_Sync__Swift_.entitlements */,
				BDDBC3E81F9BB078008DB1C0 /* Info.plist */,
				BDDBC3E31F9BB078008DB1C0 /* Assets.xcassets */,
				BDDBC3DF1F9BB078008DB1C0 /* AppDelegate.swift */,
			);
			path = Other;
			sourceTree = "<group>";
		};
/* End PBXGroup section */

/* Begin PBXNativeTarget section */
		BDDBC3DB1F9BB078008DB1C0 /* Rewritten CPU-GPU Sync (Swift) */ = {
			isa = PBXNativeTarget;
			buildConfigurationList = BDDBC3EC1F9BB078008DB1C0 /* Build configuration list for PBXNativeTarget "Rewritten CPU-GPU Sync (Swift)" */;
			buildPhases = (
				BDDBC3D81F9BB078008DB1C0 /* Sources */,
				BDDBC3D91F9BB078008DB1C0 /* Frameworks */,
				BDDBC3DA1F9BB078008DB1C0 /* Resources */,
			);
			buildRules = (
			);
			dependencies = (
			);
			name = "Rewritten CPU-GPU Sync (Swift)";
			productName = "Rewritten CPU-GPU Sync (Swift)";
			productReference = BDDBC3DC1F9BB078008DB1C0 /* Rewritten CPU-GPU Sync (Swift).app */;
			productType = "com.apple.product-type.application";
		};
/* End PBXNativeTarget section */

/* Begin PBXProject section */
		BDDBC3D41F9BB078008DB1C0 /* Project object */ = {
			isa = PBXProject;
			attributes = {
				LastSwiftUpdateCheck = 0900;
				LastUpgradeCheck = 0900;
				ORGANIZATIONNAME = "Rick Twohy";
				TargetAttributes = {
					BDDBC3DB1F9BB078008DB1C0 = {
						CreatedOnToolsVersion = 9.0;
						ProvisioningStyle = Automatic;
					};
				};
			};
			buildConfigurationList = BDDBC3D71F9BB078008DB1C0 /* Build configuration list for PBXProject "Rewritten CPU-GPU Sync (Swift)" */;
			compatibilityVersion = "Xcode 8.0";
			developmentRegion = en;
			hasScannedForEncodings = 0;
			knownRegions = (
				en,
				Base,
			);
			mainGroup = BDDBC3D31F9BB078008DB1C0;
			productRefGroup = BDDBC3DD1F9BB078008DB1C0 /* Products */;
			projectDirPath = "";
			projectRoot = "";
			targets = (
				BDDBC3DB1F9BB078008DB1C0 /* Rewritten CPU-GPU Sync (Swift) */,
			);
		};
/* End PBXProject section */

/* Begin PBXResourcesBuildPhase section */
		BDDBC3DA1F9BB078008DB1C0 /* Resources */ = {
			isa = PBXResourcesBuildPhase;
			buildActionMask = 2147483647;
			files = (
				BDDBC3E41F9BB078008DB1C0 /* Assets.xcassets in Resources */,
				BDDBC3E71F9BB078008DB1C0 /* Main.storyboard in Resources */,
			);
			runOnlyForDeploymentPostprocessing = 0;
		};
/* End PBXResourcesBuildPhase section */

/* Begin PBXSourcesBuildPhase section */
		BDDBC3D81F9BB078008DB1C0 /* Sources */ = {
			isa = PBXSourcesBuildPhase;
			buildActionMask = 2147483647;
			files = (
				BDDBC3E21F9BB078008DB1C0 /* ViewController.swift in Sources */,
				BDDBC3E01F9BB078008DB1C0 /* AppDelegate.swift in Sources */,
			);
			runOnlyForDeploymentPostprocessing = 0;
		};
/* End PBXSourcesBuildPhase section */

/* Begin PBXVariantGroup section */
		BDDBC3E51F9BB078008DB1C0 /* Main.storyboard */ = {
			isa = PBXVariantGroup;
			children = (
				BDDBC3E61F9BB078008DB1C0 /* Base */,
			);
			name = Main.storyboard;
			sourceTree = "<group>";
		};
/* End PBXVariantGroup section */

/* Begin XCBuildConfiguration section */
		BDDBC3EA1F9BB078008DB1C0 /* Debug */ = {
			isa = XCBuildConfiguration;
			buildSettings = {
				ALWAYS_SEARCH_USER_PATHS = NO;
				CLANG_ANALYZER_NONNULL = YES;
				CLANG_ANALYZER_NUMBER_OBJECT_CONVERSION = YES_AGGRESSIVE;
				CLANG_CXX_LANGUAGE_STANDARD = "gnu++14";
				CLANG_CXX_LIBRARY = "libc++";
				CLANG_ENABLE_MODULES = YES;
				CLANG_ENABLE_OBJC_ARC = YES;
				CLANG_WARN_BLOCK_CAPTURE_AUTORELEASING = YES;
				CLANG_WARN_BOOL_CONVERSION = YES;
				CLANG_WARN_COMMA = YES;
				CLANG_WARN_CONSTANT_CONVERSION = YES;
				CLANG_WARN_DIRECT_OBJC_ISA_USAGE = YES_ERROR;
				CLANG_WARN_DOCUMENTATION_COMMENTS = YES;
				CLANG_WARN_EMPTY_BODY = YES;
				CLANG_WARN_ENUM_CONVERSION = YES;
				CLANG_WARN_INFINITE_RECURSION = YES;
				CLANG_WARN_INT_CONVERSION = YES;
				CLANG_WARN_NON_LITERAL_NULL_CONVERSION = YES;
				CLANG_WARN_OBJC_LITERAL_CONVERSION = YES;
				CLANG_WARN_OBJC_ROOT_CLASS = YES_ERROR;
				CLANG_WARN_RANGE_LOOP_ANALYSIS = YES;
				CLANG_WARN_STRICT_PROTOTYPES = YES;
				CLANG_WARN_SUSPICIOUS_MOVE = YES;
				CLANG_WARN_UNGUARDED_AVAILABILITY = YES_AGGRESSIVE;
				CLANG_WARN_UNREACHABLE_CODE = YES;
				CLANG_WARN__DUPLICATE_METHOD_MATCH = YES;
				CODE_SIGN_IDENTITY = "Mac Developer";
				COPY_PHASE_STRIP = NO;
				DEBUG_INFORMATION_FORMAT = dwarf;
				ENABLE_STRICT_OBJC_MSGSEND = YES;
				ENABLE_TESTABILITY = YES;
				GCC_C_LANGUAGE_STANDARD = gnu11;
				GCC_DYNAMIC_NO_PIC = NO;
				GCC_NO_COMMON_BLOCKS = YES;
				GCC_OPTIMIZATION_LEVEL = 0;
				GCC_PREPROCESSOR_DEFINITIONS = (
					"DEBUG=1",
					"$(inherited)",
				);
				GCC_WARN_64_TO_32_BIT_CONVERSION = YES;
				GCC_WARN_ABOUT_RETURN_TYPE = YES_ERROR;
				GCC_WARN_UNDECLARED_SELECTOR = YES;
				GCC_WARN_UNINITIALIZED_AUTOS = YES_AGGRESSIVE;
				GCC_WARN_UNUSED_FUNCTION = YES;
				GCC_WARN_UNUSED_VARIABLE = YES;
				MACOSX_DEPLOYMENT_TARGET = 10.12;
				MTL_ENABLE_DEBUG_INFO = YES;
				ONLY_ACTIVE_ARCH = YES;
				SDKROOT = macosx;
				SWIFT_ACTIVE_COMPILATION_CONDITIONS = DEBUG;
				SWIFT_OPTIMIZATION_LEVEL = "-Onone";
			};
			name = Debug;
		};
		BDDBC3EB1F9BB078008DB1C0 /* Release */ = {
			isa = XCBuildConfiguration;
			buildSettings = {
				ALWAYS_SEARCH_USER_PATHS = NO;
				CLANG_ANALYZER_NONNULL = YES;
				CLANG_ANALYZER_NUMBER_OBJECT_CONVERSION = YES_AGGRESSIVE;
				CLANG_CXX_LANGUAGE_STANDARD = "gnu++14";
				CLANG_CXX_LIBRARY = "libc++";
				CLANG_ENABLE_MODULES = YES;
				CLANG_ENABLE_OBJC_ARC = YES;
				CLANG_WARN_BLOCK_CAPTURE_AUTORELEASING = YES;
				CLANG_WARN_BOOL_CONVERSION = YES;
				CLANG_WARN_COMMA = YES;
				CLANG_WARN_CONSTANT_CONVERSION = YES;
				CLANG_WARN_DIRECT_OBJC_ISA_USAGE = YES_ERROR;
				CLANG_WARN_DOCUMENTATION_COMMENTS = YES;
				CLANG_WARN_EMPTY_BODY = YES;
				CLANG_WARN_ENUM_CONVERSION = YES;
				CLANG_WARN_INFINITE_RECURSION = YES;
				CLANG_WARN_INT_CONVERSION = YES;
				CLANG_WARN_NON_LITERAL_NULL_CONVERSION = YES;
				CLANG_WARN_OBJC_LITERAL_CONVERSION = YES;
				CLANG_WARN_OBJC_ROOT_CLASS = YES_ERROR;
				CLANG_WARN_RANGE_LOOP_ANALYSIS = YES;
				CLANG_WARN_STRICT_PROTOTYPES = YES;
				CLANG_WARN_SUSPICIOUS_MOVE = YES;
				CLANG_WARN_UNGUARDED_AVAILABILITY = YES_AGGRESSIVE;
				CLANG_WARN_UNREACHABLE_CODE = YES;
				CLANG_WARN__DUPLICATE_METHOD_MATCH = YES;
				CODE_SIGN_IDENTITY = "Mac Developer";
				COPY_PHASE_STRIP = NO;
				DEBUG_INFORMATION_FORMAT = "dwarf-with-dsym";
				ENABLE_NS_ASSERTIONS = NO;
				ENABLE_STRICT_OBJC_MSGSEND = YES;
				GCC_C_LANGUAGE_STANDARD = gnu11;
				GCC_NO_COMMON_BLOCKS = YES;
				GCC_WARN_64_TO_32_BIT_CONVERSION = YES;
				GCC_WARN_ABOUT_RETURN_TYPE = YES_ERROR;
				GCC_WARN_UNDECLARED_SELECTOR = YES;
				GCC_WARN_UNINITIALIZED_AUTOS = YES_AGGRESSIVE;
				GCC_WARN_UNUSED_FUNCTION = YES;
				GCC_WARN_UNUSED_VARIABLE = YES;
				MACOSX_DEPLOYMENT_TARGET = 10.12;
				MTL_ENABLE_DEBUG_INFO = NO;
				SDKROOT = macosx;
				SWIFT_OPTIMIZATION_LEVEL = "-Owholemodule";
			};
			name = Release;
		};
		BDDBC3ED1F9BB078008DB1C0 /* Debug */ = {
			isa = XCBuildConfiguration;
			buildSettings = {
				ASSETCATALOG_COMPILER_APPICON_NAME = AppIcon;
				CODE_SIGN_ENTITLEMENTS = "Rewritten CPU-GPU Sync (Swift)/Other/Rewritten_CPU_GPU_Sync__Swift_.entitlements";
				CODE_SIGN_STYLE = Automatic;
				COMBINE_HIDPI_IMAGES = YES;
				DEVELOPMENT_TEAM = 9QQ2JZFGTQ;
				INFOPLIST_FILE = "Rewritten CPU-GPU Sync (Swift)/Other/Info.plist";
				LD_RUNPATH_SEARCH_PATHS = "$(inherited) @executable_path/../Frameworks";
				PRODUCT_BUNDLE_IDENTIFIER = "flophouseattrocities.Rewritten-CPU-GPU-Sync--Swift-";
				PRODUCT_NAME = "$(TARGET_NAME)";
				SWIFT_VERSION = 4.0;
			};
			name = Debug;
		};
		BDDBC3EE1F9BB078008DB1C0 /* Release */ = {
			isa = XCBuildConfiguration;
			buildSettings = {
				ASSETCATALOG_COMPILER_APPICON_NAME = AppIcon;
				CODE_SIGN_ENTITLEMENTS = "Rewritten CPU-GPU Sync (Swift)/Other/Rewritten_CPU_GPU_Sync__Swift_.entitlements";
				CODE_SIGN_STYLE = Automatic;
				COMBINE_HIDPI_IMAGES = YES;
				DEVELOPMENT_TEAM = 9QQ2JZFGTQ;
				INFOPLIST_FILE = "Rewritten CPU-GPU Sync (Swift)/Other/Info.plist";
				LD_RUNPATH_SEARCH_PATHS = "$(inherited) @executable_path/../Frameworks";
				PRODUCT_BUNDLE_IDENTIFIER = "flophouseattrocities.Rewritten-CPU-GPU-Sync--Swift-";
				PRODUCT_NAME = "$(TARGET_NAME)";
				SWIFT_VERSION = 4.0;
			};
			name = Release;
		};
/* End XCBuildConfiguration section */

/* Begin XCConfigurationList section */
		BDDBC3D71F9BB078008DB1C0 /* Build configuration list for PBXProject "Rewritten CPU-GPU Sync (Swift)" */ = {
			isa = XCConfigurationList;
			buildConfigurations = (
				BDDBC3EA1F9BB078008DB1C0 /* Debug */,
				BDDBC3EB1F9BB078008DB1C0 /* Release */,
			);
			defaultConfigurationIsVisible = 0;
			defaultConfigurationName = Release;
		};
		BDDBC3EC1F9BB078008DB1C0 /* Build configuration list for PBXNativeTarget "Rewritten CPU-GPU Sync (Swift)" */ = {
			isa = XCConfigurationList;
			buildConfigurations = (
				BDDBC3ED1F9BB078008DB1C0 /* Debug */,
				BDDBC3EE1F9BB078008DB1C0 /* Release */,
			);
			defaultConfigurationIsVisible = 0;
			defaultConfigurationName = Release;
		};
/* End XCConfigurationList section */
	};
	rootObject = BDDBC3D41F9BB078008DB1C0 /* Project object */;
}
